
Microsoft Visual Studio Solution File, Format Version 12.00
# Visual Studio 14
VisualStudioVersion = 14.0.25420.1
MinimumVisualStudioVersion = 10.0.40219.1
Project("{FAE04EC0-301F-11D3-BF4B-00C04F79EFBC}") = "BussinessObject", "OperatorRequestOject\BussinessObject.csproj", "{7E3578C0-72FA-438B-BD73-958FFD5CC2B8}"
EndProject
Project("{FAE04EC0-301F-11D3-BF4B-00C04F79EFBC}") = "Example_Queue", "Example_Queue\Example_Queue.csproj", "{05B4F515-89F8-4771-951C-37C2C8E70DB4}"
EndProject
Project("{FAE04EC0-301F-11D3-BF4B-00C04F79EFBC}") = "Receive_Queue", "Receive_Queue\Receive_Queue.csproj", "{26291D6F-E036-4C29-8F14-020B61FC634D}"
EndProject
Global
	GlobalSection(SolutionConfigurationPlatforms) = preSolution
		Debug|Any CPU = Debug|Any CPU
		Release|Any CPU = Release|Any CPU
	EndGlobalSection
	GlobalSection(ProjectConfigurationPlatforms) = postSolution
		{7E3578C0-72FA-438B-BD73-958FFD5CC2B8}.Debug|Any CPU.ActiveCfg = Debug|Any CPU
		{7E3578C0-72FA-438B-BD73-958FFD5CC2B8}.Debug|Any CPU.Build.0 = Debug|Any CPU
		{7E3578C0-72FA-438B-BD73-958FFD5CC2B8}.Release|Any CPU.ActiveCfg = Release|Any CPU
		{7E3578C0-72FA-438B-BD73-958FFD5CC2B8}.Release|Any CPU.Build.0 = Release|Any CPU
		{05B4F515-89F8-4771-951C-37C2C8E70DB4}.Debug|Any CPU.ActiveCfg = Debug|Any CPU
		{05B4F515-89F8-4771-951C-37C2C8E70DB4}.Debug|Any CPU.Build.0 = Debug|Any CPU
		{05B4F515-89F8-4771-951C-37C2C8E70DB4}.Release|Any CPU.ActiveCfg = Release|Any CPU
		{05B4F515-89F8-4771-951C-37C2C8E70DB4}.Release|Any CPU.Build.0 = Release|Any CPU
		{26291D6F-E036-4C29-8F14-020B61FC634D}.Debug|Any CPU.ActiveCfg = Debug|Any CPU
		{26291D6F-E036-4C29-8F14-020B61FC634D}.Debug|Any CPU.Build.0 = Debug|Any CPU
		{26291D6F-E036-4C29-8F14-020B61FC634D}.Release|Any CPU.ActiveCfg = Release|Any CPU
		{26291D6F-E036-4C29-8F14-020B61FC634D}.Release|Any CPU.Build.0 = Release|Any CPU
	EndGlobalSection
	GlobalSection(SolutionProperties) = preSolution
		HideSolutionNode = FALSE
	EndGlobalSection
EndGlobal
